github.com/alcortesm/tgz v0.0.0-20161220082320-9c5fe88206d7 h1:uSoVVbwJiQipAclBbw+8quDsfcvFjOpI5iCf4p/cqCs=
github.com/alcortesm/tgz v0.0.0-20161220082320-9c5fe88206d7/go.mod h1:6zEj6s6u/ghQa61ZWa/C2Aw3RkjiTBOix7dkqa1VLIs=
github.com/anmitsu/go-shlex v0.0.0-20161002113705-648efa622239 h1:kFOfPq6dUM1hTo4JG6LR5AXSUEsOjtdm0kw0FtQtMJA=
github.com/anmitsu/go-shlex v0.0.0-20161002113705-648efa622239/go.mod h1:2FmKhYUyUczH0OGQWaF5ceTx0UBShxjsH6f8oGKYe2c=
github.com/davecgh/go-spew v1.1.0 h1:ZDRjVQ15GmhC3fiQ8ni8+OwkZQO4DARzQgrnXU1Liz8=
github.com/davecgh/go-spew v1.1.0/go.mod h1:J7Y8YcW2NihsgmVo/mv3lAwl/skON4iLHjSsI+c5H38=
github.com/emirpasic/gods v1.9.0 h1:rUF4PuzEjMChMiNsVjdI+SyLu7rEqpQ5reNFnhC7oFo=
github.com/emirpasic/gods v1.9.0/go.mod h1:YfzfFFoVP/catgzJb4IKIqXjX78Ha8FMSDh3ymbK86o=
github.com/flynn/go-shlex v0.0.0-20150515145356-3f9db97f8568 h1:BHsljHzVlRcyQhjrss6TZTdY2VfCqZPbv5k3iBFa2ZQ=
github.com/flynn/go-shlex v0.0.0-20150515145356-3f9db97f8568/go.mod h1:xEzjJPgXI435gkrCt3MPfRiAkVrwSbHsst4LCFVfpJc=
github.com/gliderlabs/ssh v0.1.1 h1:j3L6gSLQalDETeEg/Jg0mGY0/y/N6zI2xX1978P0Uqw=
github.com/gliderlabs/ssh v0.1.1/go.mod h1:U7qILu1NlMHj9FlMhZLlkCdDnU1DBEAqr0aevW3Awn0=
github.com/google/go-cmp v0.2.0 h1:+dTQ8DZQJz0Mb/HjFlkptS1FeQ4cWSnN941F8aEG4SQ=
github.com/google/go-cmp v0.2.0/go.mod h1:oXzfMopK8JAjlY9xF4vHSVASa0yLyX7SntLO5aqRK0M=
github.com/gortc/ice v0.0.2 h1:i8wyjlP4838Y8R8CvyagY/jFbFh2/YHNj2d0r2WDRDQ=
github.com/gortc/ice v0.0.2/go.mod h1:C4N/wxfub096ig7g7FaZSO2E490/mzsP6AzkVvGU9H8=
github.com/gortc/sdp v0.9.2 h1:QvMnQA2781DRPrUrVrcv73JjdSGHa6yjsNFI9X6kwws=
github.com/gortc/sdp v0.9.2/go.mod h1:yHG6rNKsCgfN3QoLIKYICt0hacWMhC+b5WRuk/B9oEs=
github.com/gortc/stun v1.6.2 h1:7yQugac1dYvFvBNumQFfxC6/bVPU33aCQkjmJPhGt6o=
github.com/gortc/stun v1.6.2/go.mod h1:dZ0O/fYCkg9Z0Pvl6WDpNhRFTAU0X1CPOsJiZqn6EHo=
github.com/jbenet/go-context v0.0.0-20150711004518-d14ea06fba99 h1:BQSFePA1RWJOlocH6Fxy8MmwDt+yVQYULKfN0RoTN8A=
github.com/jbenet/go-context v0.0.0-20150711004518-d14ea06fba99/go.mod h1:1lJo3i6rXxKeerYnT8Nvf0QmHCRC1n8sfWVwXF2Frvo=
github.com/kevinburke/ssh_config v0.0.0-20180317175531-9fc7bb800b55 h1:S38dC4mEwxdw/U41+97VWdbun8mTcTjwg5Ujfg8QPME=
github.com/kevinburke/ssh_config v0.0.0-20180317175531-9fc7bb800b55/go.mod h1:CT57kijsi8u/K/BOFA39wgDQJ9CxiF4nAY/ojJ6r6mM=
github.com/klauspost/compress v1.2.1 h1:z1Ra6IKoPtIeVA8GV0SCQhuo6T4EBjlL9VwonZ8NYBo=
github.com/klauspost/compress v1.2.1/go.mod h1:RyIbtBH6LamlWaDj8nUwkbUhJ87Yi3uG0guNDohfE1A=
github.com/klauspost/cpuid v0.0.0-20180405133222-e7e905edc00e h1:+lIPJOWl+jSiJOc70QXJ07+2eg2Jy2EC7Mi11BWujeM=
github.com/klauspost/cpuid v0.0.0-20180405133222-e7e905edc00e/go.mod h1:Pj4uuM528wm8OyEC2QMXAi2YiTZ96dNQPGgoMS4s3ek=
github.com/klauspost/crc32 v0.0.0-20170628072449-bab58d77464a h1:NLr4Iy1X81t+cfi3RXELAOZhlkduugBKsO2RwWHRm8M=
github.com/klauspost/crc32 v0.0.0-20170628072449-bab58d77464a/go.mod h1:+ZoRqAPRLkC4NPOvfYeR5KNOrY6TD+/sAC3HXPZgDYg=
github.com/kr/pretty v0.1.0 h1:L/CwN0zerZDmRFUapSPitk6f+Q3+0za1rQkzVuMiMFI=
github.com/kr/pretty v0.1.0/go.mod h1:dAy3ld7l9f0ibDNOQOHHMYYIIbhfbHSm3C4ZsoJORNo=
github.com/kr/pty v1.1.1/go.mod h1:pFQYn66WHrOpPYNljwOMqo10TkYh1fy3cYio2l3bCsQ=
github.com/kr/text v0.1.0 h1:45sCR5RtlFHMR4UwH9sdQ5TC8v0qDQCHnXt+kaKSTVE=
github.com/kr/text v0.1.0/go.mod h1:4Jbv+DJW3UT/LiOwJeYQe1efqtUx/iVham/4vfdArNI=
github.com/mitchellh/go-homedir v0.0.0-20161203194507-b8bc1bf76747 h1:eQox4Rh4ewJF+mqYPxCkmBAirRnPaHEB26UkNuPyjlk=
github.com/mitchellh/go-homedir v0.0.0-20161203194507-b8bc1bf76747/go.mod h1:SfyaCUpYCn1Vlf4IUYiD9fPX4A5wJrkLzIz1N1q0pr0=
github.com/mssola/user_agent v0.4.1 h1:iTUaMpVrb2qWyvUw8UvK3ygWMd2lB1NGuZ1xhpBf1eg=
github.com/mssola/user_agent v0.4.1/go.mod h1:UFiKPVaShrJGW93n4uo8dpPdg1BSVpw2P9bneo0Mtp8=
github.com/pelletier/go-buffruneio v0.2.0 h1:U4t4R6YkofJ5xHm3dJzuRpPZ0mr5MMCoAWooScCR7aA=
github.com/pelletier/go-buffruneio v0.2.0/go.mod h1:JkE26KsDizTr40EUHkXVtNPvgGtbSNq5BcowyYOWdKo=
github.com/pkg/errors v0.8.0 h1:WdK/asTD0HN+q6hsWO3/vpuAkAr+tw6aNJNDFFf0+qw=
github.com/pkg/errors v0.8.0/go.mod h1:bwawxfHBFNV+L2hUp1rHADufV3IMtnDRdf1r5NINEl0=
github.com/pmezard/go-difflib v1.0.0 h1:4DBwDE0NGyQoBHbLQYPwSUPoCMWR5BEzIk/f1lZbAQM=
github.com/pmezard/go-difflib v1.0.0/go.mod h1:iKH77koFhYxTK1pcRnkKkqfTogsbg7gZNVY4sRDYZ/4=
github.com/sergi/go-diff v1.0.0 h1:Kpca3qRNrduNnOQeazBd0ysaKrUJiIuISHxogkT9RPQ=
github.com/sergi/go-diff v1.0.0/go.mod h1:0CfEIISq7TuYL3j771MWULgwwjU+GofnZX9QAmXWZgo=
github.com/sourcegraph/go-vcsurl v0.0.0-20161114165620-2305ecca26ab/go.mod h1:Dl+4tLnKopzymgEhEZCi6/KSIZPFBe1rvoKMxCGh0Ms=
github.com/src-d/gcfg v1.3.0 h1:2BEDr8r0I0b8h/fOqwtxCEiq2HJu8n2JGZJQFGXWLjg=
github.com/src-d/gcfg v1.3.0/go.mod h1:p/UMsR43ujA89BJY9duynAwIpvqEujIH/jFlfL7jWoI=
github.com/stretchr/testify v1.2.2 h1:bSDNvY7ZPG5RlJ8otE/7V6gMiyenm9RtJ7IUVIAoJ1w=
github.com/stretchr/testify v1.2.2/go.mod h1:a8OnRcib4nhh0OaRAV+Yts87kKdq0PP7pXfy6kDkUVs=
github.com/valyala/bytebufferpool v0.0.0-20160817181652-e746df99fe4a h1:AOcehBWpFhYPYw0ioDTppQzgI8pAAahVCiMSKTp9rbo=
github.com/valyala/bytebufferpool v0.0.0-20160817181652-e746df99fe4a/go.mod h1:6bBcMArwyJ5K/AmCkWv1jt77kVWyCJ6HpOuEn7z0Csc=
github.com/valyala/fasthttp v0.0.0-20171207120941-e5f51c11919d h1:pAXG0woN37FQD08beB53orVchWU97qUUdjKtSuMGqi4=
github.com/valyala/fasthttp v0.0.0-20171207120941-e5f51c11919d/go.mod h1:+g/po7GqyG5E+1CNgquiIxJnsXEi5vwFn5weFujbO78=
github.com/xanzy/ssh-agent v0.0.0-20151215153451-ba9c9e33906f h1:yWf+Vb/Osju+sgGwrSCMqXgKV30FlzoGmUbtzyOgd3U=
github.com/xanzy/ssh-agent v0.0.0-20151215153451-ba9c9e33906f/go.mod h1:0NyE30eGUDliuLEHJgYte/zncp2zdTStcOnWhgSqHD8=
golang.org/x/crypto v0.0.0-20180503153109-76a954637dfa h1:ZXr0R592Y7suZPWIotXJzfk5QYNl6pZzDa27hYJiQ5o=
golang.org/x/crypto v0.0.0-20180503153109-76a954637dfa/go.mod h1:6SG95UA2DQfeDnfUPMdvaQW0Q7yPrPDi9nlGo2tz2b4=
golang.org/x/net v0.0.0-20180502164142-640f4622ab69 h1:+Ybm3UzSfPpp+Hlr62ZTCtbC9DmCKX61f0r74+peGts=
golang.org/x/net v0.0.0-20180502164142-640f4622ab69/go.mod h1:mL1N/T3taQHkDXs73rZJwtUhF3w3ftmwwsq0BUmARs4=
golang.org/x/sys v0.0.0-20180501092740-78d5f264b493 h1:IdoM71H+6PmWKfe808vA3uKntXqEtc9yMa7A8TxcVVg=
golang.org/x/sys v0.0.0-20180501092740-78d5f264b493/go.mod h1:STP8DvDyc/dI5b8T5hshtkjS+E42TnysNCUPdjciGhY=
golang.org/x/text v0.3.0 h1:g61tztE5qeGQ89tm6NTjjM9VPIm088od1l6aSorWRWg=
golang.org/x/text v0.3.0/go.mod h1:NqM8EUOU14njkJ3fqMW+pc6Ldnwhi/IjpwHt7yyuwOQ=
gopkg.in/check.v1 v1.0.0-20180628173108-788fd7840127 h1:qIbj1fsPNlZgppZ+VLlY7N33q108Sa+fhmuc+sWQYwY=
gopkg.in/check.v1 v1.0.0-20180628173108-788fd7840127/go.mod h1:Co6ibVJAznAaIkqp8huTwlJQCZ016jof/cbN4VW5Yz0=
gopkg.in/src-d/go-billy.v4 v4.1.1 h1:iyOkxrEWe1yDTeoPmEHPyJSbMAWrJyQiZBlDYuJ4+sc=
gopkg.in/src-d/go-billy.v4 v4.1.1/go.mod h1:ZHSF0JP+7oD97194otDUCD7Ofbk63+xFcfWP5bT6h+Q=
gopkg.in/src-d/go-git-fixtures.v3 v3.1.0 h1:xjgkEQtv542nRaDzOALYfbFzcRwdt07Q/s2b82fq7AA=
gopkg.in/src-d/go-git-fixtures.v3 v3.1.0/go.mod h1:dLBcvytrw/TYZsNTWCnkNF2DSIlzWYqTe3rJR56Ac7g=
gopkg.in/src-d/go-git.v4 v4.4.1 h1:acuY71VVmQUSFZSfcO1V3Gt0kajuvL26Up8ZBdB6CI8=
gopkg.in/src-d/go-git.v4 v4.4.1/go.mod h1:CzbUWqMn4pvmvndg3gnh5iZFmSsbhyhUWdI0IQ60AQo=
gopkg.in/warnings.v0 v0.1.2 h1:wFXVbFY8DY5/xOe1ECiWdKCzZlxgshcYVNkBHstARME=
gopkg.in/warnings.v0 v0.1.2/go.mod h1:jksf8JmL6Qr/oQM2OXTHunEvvTAsrWBLb6OOjuVWRNI=
