# This file is autogenerated, do not edit; changes may be undone by the next 'dep ensure'.


[[projects]]
  branch = "master"
  name = "github.com/ernado/ice"
  packages = ["."]
  revision = "ec734f8315c8080b49bc6d5e65b65c052b2bd7c6"

[[projects]]
  name = "github.com/ernado/sdp"
  packages = ["."]
  revision = "6633fbed98987899147f40111a887f71e9ba7faa"
  version = "v0.9.1"

[[projects]]
  name = "github.com/ernado/stun"
  packages = ["."]
  revision = "e2a1cfa762352bc9317cdf578d602f759dd00bda"
  version = "v1.6"

[[projects]]
  name = "github.com/klauspost/compress"
  packages = ["flate","gzip","zlib"]
  revision = "6c8db69c4b49dd4df1fff66996cf556176d0b9bf"
  version = "v1.2.1"

[[projects]]
  name = "github.com/klauspost/cpuid"
  packages = ["."]
  revision = "ae7887de9fa5d2db4eaa8174a7eff2c1ac00f2da"
  version = "v1.1"

[[projects]]
  name = "github.com/klauspost/crc32"
  packages = ["."]
  revision = "cb6bfca970f6908083f26f39a79009d608efd5cd"
  version = "v1.1"

[[projects]]
  name = "github.com/mssola/user_agent"
  packages = ["."]
  revision = "85b2f5798558a46fc23443c596e781712f4b7792"
  version = "v0.4.1"

[[projects]]
  name = "github.com/pkg/errors"
  packages = ["."]
  revision = "645ef00459ed84a119197bfb8d8205042c6df63d"
  version = "v0.8.0"

[[projects]]
  name = "github.com/valyala/fasthttp"
  packages = [".","fasthttputil"]
  revision = "d42167fd04f636e20b005e9934159e95454233c7"
  version = "v20160617"

[solve-meta]
  analyzer-name = "dep"
  analyzer-version = 1
  inputs-digest = "98b807d9b4cc27c55c912040baca676a96bf6e10cb845c9900766f771e1eff62"
  solver-name = "gps-cdcl"
  solver-version = 1
